# This file is autogenerated, do not edit; changes may be undone by the next 'dep ensure'.


[[projects]]
  digest = "1:4aa77644fa15ef170580070adcb70bd0adb02b0980bcc632eeaa528fd0e8137e"
  name = "github.com/veandco/go-sdl2"
  packages = ["sdl"]
  pruneopts = ""
  revision = "271d2ec43388932fd2a80f4c2e81021734685a62"
  version = "v0.3"

[solve-meta]
  analyzer-name = "dep"
  analyzer-version = 1
  input-imports = ["github.com/veandco/go-sdl2/sdl"]
  solver-name = "gps-cdcl"
  solver-version = 1
